# Auto-generated by loft — do not edit by hand.
# Run `loft install` to update.
schema_version = 1

[[package]]
name = "web"
version = "0.4.2"
url = "https://github.com/loft-lang/loft-libs-net/releases/download/web-v0.4.2/web-0.4.2.tar.gz"
sha256 = "44d0469d0ecc3ca08006b80d4c507e8c2a4005c650e01fa59ca3a866da123e25"
source = "registry"

[[package]]
name = "server"
version = "0.7.1"
url = "https://github.com/loft-lang/loft-libs-net/releases/download/server-v0.7.1/server-0.7.1.tar.gz"
sha256 = "08bbdc7abcc1fc2e508de942592b3c2875d7aa06c5c6f456c74b20d65bcfd2db"
source = "registry"
deps = ["web"]
