# Auto-generated by loft — do not edit by hand.
# Run `loft install` to update.
schema_version = 1

[[package]]
name = "gridmesh"
version = "0.2.6"
url = "https://github.com/loft-lang/loft-libs-graphics/releases/download/gridmesh-v0.2.6/gridmesh-0.2.6.tar.gz"
sha256 = "01c565805e3abcd94e4679356ff634b0fba042c321a252e6801ce713b96916c9"
source = "registry"
