# Auto-generated by loft — do not edit by hand.
# Run `loft install` to update.
schema_version = 1

[[package]]
name = "gridmesh"
version = "0.2.3"
url = "https://github.com/loft-lang/loft-libs-graphics/releases/download/gridmesh-v0.2.3/gridmesh-0.2.3.tar.gz"
sha256 = "149dc0594f9be0c57ed0f88290f5aa763067132dc430c1221c9d641299a1035e"
source = "registry"
