# Auto-generated by loft — do not edit by hand.
# Run `loft install` to update.
schema_version = 1

[[package]]
name = "graphics"
version = "0.9.10"
url = "https://github.com/loft-lang/loft-libs-graphics/releases/download/graphics-v0.9.10/graphics-0.9.10.tar.gz"
sha256 = "4145057b3a83e0da7bfdccca85ee266555cdb4ec2909bb26ed4196fd1d6807ff"
source = "registry"
deps = ["glb", "mesh3d"]

[[package]]
name = "shapes"
version = "0.5.4"
url = "https://github.com/loft-lang/loft-libs-graphics/releases/download/shapes-v0.5.4/shapes-0.5.4.tar.gz"
sha256 = "cad0a82d274b4de5298d844a8b343038290adff133bc4bae08661de805427185"
source = "registry"

[[package]]
name = "glb"
version = "0.1.6"
url = "https://github.com/loft-lang/loft-libs-assets/releases/download/glb-v0.1.6/glb-0.1.6.tar.gz"
sha256 = "2efe8e615ff4eee689210c6567e9a18ae0b1a769472fc983ef746aff3ea7f128"
source = "registry"
deps = ["mesh3d"]

[[package]]
name = "mesh3d"
version = "0.1.4"
url = "https://github.com/loft-lang/loft-libs-assets/releases/download/mesh3d-v0.1.4/mesh3d-0.1.4.tar.gz"
sha256 = "4ede4eebdf3a93e62751388a4fed31650dedf556f1f5a26b49ae16c5c12c4a2d"
source = "registry"

[[package]]
name = "assets"
version = "0.4.2"
url = "https://github.com/loft-lang/loft-libs-assets/releases/download/assets-v0.4.2/assets-0.4.2.tar.gz"
sha256 = "bcc1aaaa0acd8bd9f1bfc0d24d1a7ca4e5a7c81ee9a3250ff29bd26386935b74"
source = "registry"
deps = ["shapes"]
