# Auto-generated by loft — do not edit by hand.
# Run `loft install` to update.
schema_version = 1

[[package]]
name = "graphics"
version = "0.9.6"
url = "https://github.com/loft-lang/loft-libs-graphics/releases/download/graphics-v0.9.6/graphics-0.9.6.tar.gz"
sha256 = "9666c29eda10ed3f66325644861c104aae76eec4692bf01c09b2216029b7154c"
source = "registry"
deps = ["glb", "mesh3d"]

[[package]]
name = "shapes"
version = "0.5.2"
url = "https://github.com/loft-lang/loft-libs-graphics/releases/download/shapes-v0.5.2/shapes-0.5.2.tar.gz"
sha256 = "3b3898c6eb2e6ea2df9f3c47d4bfdda52b55f2a951ac81e8a4d961ae177bd173"
source = "registry"

[[package]]
name = "glb"
version = "0.1.5"
url = "https://github.com/loft-lang/loft-libs-assets/releases/download/glb-v0.1.5/glb-0.1.5.tar.gz"
sha256 = "7bd63cea72d95be855e483287709f68d5223cd93f7342d20fc371e59933ed5d2"
source = "registry"
deps = ["mesh3d"]

[[package]]
name = "mesh3d"
version = "0.1.3"
url = "https://github.com/loft-lang/loft-libs-assets/releases/download/mesh3d-v0.1.3/mesh3d-0.1.3.tar.gz"
sha256 = "ee32ff3481c4272fcc1ae8781bf6668a95ba2b351dc702b91bbd8a26552520dc"
source = "registry"

[[package]]
name = "assets"
version = "0.3.0"
url = "https://github.com/loft-lang/loft-libs-assets/releases/download/assets-v0.3.0/assets-0.3.0.tar.gz"
sha256 = "deaaf7021f7d7975221914a3f747762ee54588ced0219d29dda77985a2eebcaa"
source = "registry"
deps = ["shapes"]
