# Auto-generated by loft — do not edit by hand.
# Run `loft install` to update.
schema_version = 1

[[package]]
name = "web"
version = "0.4.5"
url = "https://github.com/loft-lang/loft-libs-net/releases/download/web-v0.4.5/web-0.4.5.tar.gz"
sha256 = "11beaa8103bb9fcbb8f9616ff0e4d9acbf58979a735fe9f9535489d881046944"
source = "registry"

[[package]]
name = "server"
version = "0.7.4"
url = "https://github.com/loft-lang/loft-libs-net/releases/download/server-v0.7.4/server-0.7.4.tar.gz"
sha256 = "bd162acac31dc18a153ea4c136aadbc39291516efbc023cbc228dbb4023f6d23"
source = "registry"
deps = ["web"]

[[package]]
name = "gridmesh"
version = "0.2.6"
url = "https://github.com/loft-lang/loft-libs-graphics/releases/download/gridmesh-v0.2.6/gridmesh-0.2.6.tar.gz"
sha256 = "01c565805e3abcd94e4679356ff634b0fba042c321a252e6801ce713b96916c9"
source = "registry"

[[package]]
name = "graphics"
version = "0.9.10"
url = "https://github.com/loft-lang/loft-libs-graphics/releases/download/graphics-v0.9.10/graphics-0.9.10.tar.gz"
sha256 = "4145057b3a83e0da7bfdccca85ee266555cdb4ec2909bb26ed4196fd1d6807ff"
source = "registry"
deps = ["glb", "mesh3d"]

[[package]]
name = "glb"
version = "0.1.6"
url = "https://github.com/loft-lang/loft-libs-assets/releases/download/glb-v0.1.6/glb-0.1.6.tar.gz"
sha256 = "2efe8e615ff4eee689210c6567e9a18ae0b1a769472fc983ef746aff3ea7f128"
source = "registry"
deps = ["mesh3d"]

[[package]]
name = "mesh3d"
version = "0.1.4"
url = "https://github.com/loft-lang/loft-libs-assets/releases/download/mesh3d-v0.1.4/mesh3d-0.1.4.tar.gz"
sha256 = "4ede4eebdf3a93e62751388a4fed31650dedf556f1f5a26b49ae16c5c12c4a2d"
source = "registry"
